lockfileVersion: 5.4

specifiers:
  '@type-challenges/utils': ^0.1.1
  typescript: ^4.6.3

dependencies:
  '@type-challenges/utils': 0.1.1
  typescript: 4.6.3

packages:

  /@type-challenges/utils/0.1.1:
    resolution: {integrity: sha1-GM4on7hMrxwT7uIRIm2/K8YZXtM=, tarball: '@type-challenges/utils/download/@type-challenges/utils-0.1.1.tgz'}
    dev: false

  /typescript/4.6.3:
    resolution: {integrity: sha1-7v6vpq/dMdclWExnoOq6gPb8bGw=, tarball: typescript/download/typescript-4.6.3.tgz}
    engines: {node: '>=4.2.0'}
    hasBin: true
    dev: false
